
Microsoft Visual Studio Solution File, Format Version 12.00
# Visual Studio Version 17
VisualStudioVersion = 17.4.33213.308
MinimumVisualStudioVersion = 10.0.40219.1
Project("{FAE04EC0-301F-11D3-BF4B-00C04F79EFBC}") = "DynamicProgramming", "DynamicProgramming\DynamicProgramming.csproj", "{42822D3D-C207-47F8-A1D0-8FF8B7F20BD8}"
EndProject
Global
	GlobalSection(SolutionConfigurationPlatforms) = preSolution
		Debug|Any CPU = Debug|Any CPU
		Release|Any CPU = Release|Any CPU
	EndGlobalSection
	GlobalSection(ProjectConfigurationPlatforms) = postSolution
		{42822D3D-C207-47F8-A1D0-8FF8B7F20BD8}.Debug|Any CPU.ActiveCfg = Debug|Any CPU
		{42822D3D-C207-47F8-A1D0-8FF8B7F20BD8}.Debug|Any CPU.Build.0 = Debug|Any CPU
		{42822D3D-C207-47F8-A1D0-8FF8B7F20BD8}.Release|Any CPU.ActiveCfg = Release|Any CPU
		{42822D3D-C207-47F8-A1D0-8FF8B7F20BD8}.Release|Any CPU.Build.0 = Release|Any CPU
	EndGlobalSection
	GlobalSection(SolutionProperties) = preSolution
		HideSolutionNode = FALSE
	EndGlobalSection
	GlobalSection(ExtensibilityGlobals) = postSolution
		SolutionGuid = {6C894FAB-EAAB-43EF-A646-E30291278D30}
	EndGlobalSection
EndGlobal
